%{"coverex": {:hex, :coverex, "1.2.0"},
  "cowboy": {:hex, :cowboy, "1.0.0"},
  "cowlib": {:hex, :cowlib, "1.0.1"},
  "earmark": {:hex, :earmark, "0.1.17"},
  "ex_doc": {:hex, :ex_doc, "0.7.3"},
  "exjsx": {:hex, :exjsx, "3.1.0"},
  "exmerl": {:hex, :exmerl, "0.1.1"},
  "hackney": {:hex, :hackney, "0.14.3"},
  "httpoison": {:hex, :httpoison, "0.5.0"},
  "ibrowse": {:git, "git://github.com/cmullaparthi/ibrowse.git", "7871e2ebe8811efb64e1917e2de455fa87e8dfe3", [tag: "v4.1.0"]},
  "idna": {:hex, :idna, "1.0.1"},
  "jsx": {:hex, :jsx, "2.4.0"},
  "poison": {:hex, :poison, "1.2.1"},
  "ranch": {:hex, :ranch, "1.0.0"},
  "servito": {:git, "git://github.com/marcelog/servito.git", "83dc578abe90c9f383d5785ff8e42613c972eea2", []},
  "xml_builder": {:hex, :xml_builder, "0.0.6"}}
